
Microsoft Visual Studio Solution File, Format Version 12.00
# Visual Studio Version 17
VisualStudioVersion = 17.4.33213.308
MinimumVisualStudioVersion = 10.0.40219.1
Project("{9A19103F-16F7-4668-BE54-9A1E7A4F7556}") = "GraphConsole", "GraphConsole.csproj", "{2158D830-9FFF-4CA2-B033-EECA4FD0BE12}"
EndProject
Global
	GlobalSection(SolutionConfigurationPlatforms) = preSolution
		Debug|Any CPU = Debug|Any CPU
		Release|Any CPU = Release|Any CPU
	EndGlobalSection
	GlobalSection(ProjectConfigurationPlatforms) = postSolution
		{2158D830-9FFF-4CA2-B033-EECA4FD0BE12}.Debug|Any CPU.ActiveCfg = Debug|Any CPU
		{2158D830-9FFF-4CA2-B033-EECA4FD0BE12}.Debug|Any CPU.Build.0 = Debug|Any CPU
		{2158D830-9FFF-4CA2-B033-EECA4FD0BE12}.Release|Any CPU.ActiveCfg = Release|Any CPU
		{2158D830-9FFF-4CA2-B033-EECA4FD0BE12}.Release|Any CPU.Build.0 = Release|Any CPU
	EndGlobalSection
	GlobalSection(SolutionProperties) = preSolution
		HideSolutionNode = FALSE
	EndGlobalSection
	GlobalSection(ExtensibilityGlobals) = postSolution
		SolutionGuid = {D4B10349-E5B7-4F5A-B544-D129353E5727}
	EndGlobalSection
EndGlobal
